
Microsoft Visual Studio Solution File, Format Version 12.00
# Visual Studio Version 16
VisualStudioVersion = 16.0.30320.27
MinimumVisualStudioVersion = 10.0.40219.1
Project("{FAE04EC0-301F-11D3-BF4B-00C04F79EFBC}") = "BlazorBattles.Server", "BlazorBattles\Server\BlazorBattles.Server.csproj", "{6825E7AA-78E6-4D92-8911-B2FA48FB4695}"
EndProject
Project("{FAE04EC0-301F-11D3-BF4B-00C04F79EFBC}") = "BlazorBattles.Client", "BlazorBattles\Client\BlazorBattles.Client.csproj", "{E9D754C8-CA0B-4DA6-BFAC-2B4057E99C8C}"
EndProject
Project("{FAE04EC0-301F-11D3-BF4B-00C04F79EFBC}") = "BlazorBattles.Shared", "BlazorBattles\Shared\BlazorBattles.Shared.csproj", "{0E2C922C-920A-4073-8641-F17468466AC6}"
EndProject
Global
	GlobalSection(SolutionConfigurationPlatforms) = preSolution
		Debug|Any CPU = Debug|Any CPU
		Release|Any CPU = Release|Any CPU
	EndGlobalSection
	GlobalSection(ProjectConfigurationPlatforms) = postSolution
		{6825E7AA-78E6-4D92-8911-B2FA48FB4695}.Debug|Any CPU.ActiveCfg = Debug|Any CPU
		{6825E7AA-78E6-4D92-8911-B2FA48FB4695}.Debug|Any CPU.Build.0 = Debug|Any CPU
		{6825E7AA-78E6-4D92-8911-B2FA48FB4695}.Release|Any CPU.ActiveCfg = Release|Any CPU
		{6825E7AA-78E6-4D92-8911-B2FA48FB4695}.Release|Any CPU.Build.0 = Release|Any CPU
		{E9D754C8-CA0B-4DA6-BFAC-2B4057E99C8C}.Debug|Any CPU.ActiveCfg = Debug|Any CPU
		{E9D754C8-CA0B-4DA6-BFAC-2B4057E99C8C}.Debug|Any CPU.Build.0 = Debug|Any CPU
		{E9D754C8-CA0B-4DA6-BFAC-2B4057E99C8C}.Release|Any CPU.ActiveCfg = Release|Any CPU
		{E9D754C8-CA0B-4DA6-BFAC-2B4057E99C8C}.Release|Any CPU.Build.0 = Release|Any CPU
		{0E2C922C-920A-4073-8641-F17468466AC6}.Debug|Any CPU.ActiveCfg = Debug|Any CPU
		{0E2C922C-920A-4073-8641-F17468466AC6}.Debug|Any CPU.Build.0 = Debug|Any CPU
		{0E2C922C-920A-4073-8641-F17468466AC6}.Release|Any CPU.ActiveCfg = Release|Any CPU
		{0E2C922C-920A-4073-8641-F17468466AC6}.Release|Any CPU.Build.0 = Release|Any CPU
	EndGlobalSection
	GlobalSection(SolutionProperties) = preSolution
		HideSolutionNode = FALSE
	EndGlobalSection
	GlobalSection(ExtensibilityGlobals) = postSolution
		SolutionGuid = {095A360F-58B8-461E-B6CB-B0309AE979F7}
	EndGlobalSection
EndGlobal
